
Microsoft Visual Studio Solution File, Format Version 12.00
# Visual Studio Version 17
VisualStudioVersion = 17.9.34723.18
MinimumVisualStudioVersion = 10.0.40219.1
Project("{9A19103F-16F7-4668-BE54-9A1E7A4F7556}") = "Client", "webapp\client\Client.csproj", "{523ADA79-4CDB-45B6-9C04-B0A0542B9D1C}"
EndProject
Project("{9A19103F-16F7-4668-BE54-9A1E7A4F7556}") = "Shared", "shared\Shared\Shared.csproj", "{B6B2C9AC-DF05-41A7-8B12-52B928D87C80}"
EndProject
Project("{9A19103F-16F7-4668-BE54-9A1E7A4F7556}") = "queueworker", "queueworker\queueworker\queueworker.csproj", "{23E40FFA-48E7-4A14-B653-3B13DF170985}"
EndProject
Global
	GlobalSection(SolutionConfigurationPlatforms) = preSolution
		Debug|Any CPU = Debug|Any CPU
		Release|Any CPU = Release|Any CPU
	EndGlobalSection
	GlobalSection(ProjectConfigurationPlatforms) = postSolution
		{523ADA79-4CDB-45B6-9C04-B0A0542B9D1C}.Debug|Any CPU.ActiveCfg = Debug|Any CPU
		{523ADA79-4CDB-45B6-9C04-B0A0542B9D1C}.Debug|Any CPU.Build.0 = Debug|Any CPU
		{523ADA79-4CDB-45B6-9C04-B0A0542B9D1C}.Release|Any CPU.ActiveCfg = Release|Any CPU
		{523ADA79-4CDB-45B6-9C04-B0A0542B9D1C}.Release|Any CPU.Build.0 = Release|Any CPU
		{B6B2C9AC-DF05-41A7-8B12-52B928D87C80}.Debug|Any CPU.ActiveCfg = Debug|Any CPU
		{B6B2C9AC-DF05-41A7-8B12-52B928D87C80}.Debug|Any CPU.Build.0 = Debug|Any CPU
		{B6B2C9AC-DF05-41A7-8B12-52B928D87C80}.Release|Any CPU.ActiveCfg = Release|Any CPU
		{B6B2C9AC-DF05-41A7-8B12-52B928D87C80}.Release|Any CPU.Build.0 = Release|Any CPU
		{23E40FFA-48E7-4A14-B653-3B13DF170985}.Debug|Any CPU.ActiveCfg = Debug|Any CPU
		{23E40FFA-48E7-4A14-B653-3B13DF170985}.Debug|Any CPU.Build.0 = Debug|Any CPU
		{23E40FFA-48E7-4A14-B653-3B13DF170985}.Release|Any CPU.ActiveCfg = Release|Any CPU
		{23E40FFA-48E7-4A14-B653-3B13DF170985}.Release|Any CPU.Build.0 = Release|Any CPU
	EndGlobalSection
	GlobalSection(SolutionProperties) = preSolution
		HideSolutionNode = FALSE
	EndGlobalSection
	GlobalSection(ExtensibilityGlobals) = postSolution
		SolutionGuid = {0784517C-FD0F-4C6C-8DBC-807ED757B042}
	EndGlobalSection
EndGlobal
