
Microsoft Visual Studio Solution File, Format Version 12.00
# Visual Studio Version 17
VisualStudioVersion = 17.10.35027.167
MinimumVisualStudioVersion = 10.0.40219.1
Project("{FAE04EC0-301F-11D3-BF4B-00C04F79EFBC}") = "client", "client.csproj", "{3EB9C812-DE88-4738-BEDE-C5C04124FBEA}"
EndProject
Global
	GlobalSection(SolutionConfigurationPlatforms) = preSolution
		Debug|Any CPU = Debug|Any CPU
		Release|Any CPU = Release|Any CPU
	EndGlobalSection
	GlobalSection(ProjectConfigurationPlatforms) = postSolution
		{3EB9C812-DE88-4738-BEDE-C5C04124FBEA}.Debug|Any CPU.ActiveCfg = Debug|Any CPU
		{3EB9C812-DE88-4738-BEDE-C5C04124FBEA}.Debug|Any CPU.Build.0 = Debug|Any CPU
		{3EB9C812-DE88-4738-BEDE-C5C04124FBEA}.Release|Any CPU.ActiveCfg = Release|Any CPU
		{3EB9C812-DE88-4738-BEDE-C5C04124FBEA}.Release|Any CPU.Build.0 = Release|Any CPU
	EndGlobalSection
	GlobalSection(SolutionProperties) = preSolution
		HideSolutionNode = FALSE
	EndGlobalSection
	GlobalSection(ExtensibilityGlobals) = postSolution
		SolutionGuid = {5B4C06C3-D80E-458A-AD75-2C87305B0C92}
	EndGlobalSection
EndGlobal
